PODS:
  - Alamofire (4.9.0)
  - IQKeyboardManagerSwift (6.5.1)
  - JGProgressHUD (2.1)
  - PromiseKit (6.11.0):
    - PromiseKit/CorePromise (= 6.11.0)
    - PromiseKit/Foundation (= 6.11.0)
    - PromiseKit/UIKit (= 6.11.0)
  - PromiseKit/CorePromise (6.11.0)
  - PromiseKit/Foundation (6.11.0):
    - PromiseKit/CorePromise
  - PromiseKit/UIKit (6.11.0):
    - PromiseKit/CorePromise
  - SDWebImage (5.2.3):
    - SDWebImage/Core (= 5.2.3)
  - SDWebImage/Core (5.2.3)

DEPENDENCIES:
  - Alamofire
  - IQKeyboardManagerSwift
  - JGProgressHUD
  - PromiseKit (~> 6.8)
  - SDWebImage

SPEC REPOS:
  trunk:
    - Alamofire
    - IQKeyboardManagerSwift
    - JGProgressHUD
    - PromiseKit
    - SDWebImage

SPEC CHECKSUMS:
  Alamofire: afc3e7c6db61476cb45cdd23fed06bad03bbc321
  IQKeyboardManagerSwift: 9ac7524fad9f9fe9a3b98c927e7772471ca546d2
  JGProgressHUD: aa403e9a5b45cae98903c4600cccdd98c0c3ec90
  PromiseKit: e4863d06976e7dee5e41c04fc7371c16b3600292
  SDWebImage: 46a7f73228f84ce80990c786e4372cf4db5875ce

PODFILE CHECKSUM: 242dcabfcff0095aab9d08fab5d5051eabea3fcd

COCOAPODS: 1.8.3
